{
  "name": "plv-fixture-workspace",
  "version": "1.0.0",
  "lockfileVersion": 3,
  "requires": true,
  "packages": {
    "": { "name": "plv-fixture-workspace", "version": "1.0.0" },
    "node_modules/plv-locked-pkg": {
      "version": "3.1.4",
      "resolved": "https://registry.npmjs.org/plv-locked-pkg/-/plv-locked-pkg-3.1.4.tgz",
      "license": "BSD-3-Clause"
    },
    "node_modules/plv-stale-pkg": {
      "version": "9.2.0",
      "license": "MPL-2.0"
    }
  }
}
